
Microsoft Visual Studio Solution File, Format Version 12.00
# Visual Studio Express 2012 for Windows Desktop
Project("{FAE04EC0-301F-11D3-BF4B-00C04F79EFBC}") = "LIBRARY  MASTER  NEW", "WindowsFormsApplication3\LIBRARY  MASTER  NEW.csproj", "{C8F100CA-B136-4458-8911-BAA81ADEDF6E}"
EndProject
Global
	GlobalSection(SolutionConfigurationPlatforms) = preSolution
		Debug|Any CPU = Debug|Any CPU
		Release|Any CPU = Release|Any CPU
	EndGlobalSection
	GlobalSection(ProjectConfigurationPlatforms) = postSolution
		{C8F100CA-B136-4458-8911-BAA81ADEDF6E}.Debug|Any CPU.ActiveCfg = Debug|Any CPU
		{C8F100CA-B136-4458-8911-BAA81ADEDF6E}.Debug|Any CPU.Build.0 = Debug|Any CPU
		{C8F100CA-B136-4458-8911-BAA81ADEDF6E}.Release|Any CPU.ActiveCfg = Release|Any CPU
		{C8F100CA-B136-4458-8911-BAA81ADEDF6E}.Release|Any CPU.Build.0 = Release|Any CPU
	EndGlobalSection
	GlobalSection(SolutionProperties) = preSolution
		HideSolutionNode = FALSE
	EndGlobalSection
EndGlobal
